{
  "name": "sokdak2",
  "lockfileVersion": 3,
  "requires": true,
  "packages": {
    "": {
      "dependencies": {
        "github-markdown-css": "^5.5.0"
      }
    },
    "node_modules/github-markdown-css": {
      "version": "5.5.0",
      "resolved": "https://registry.npmjs.org/github-markdown-css/-/github-markdown-css-5.5.0.tgz",
      "integrity": "sha512-Ncp4putm+cGteDhtNYKGdchM4uiIm5tmQcAQx/eEYhuM0sOdjZYNQOauQTaodjDQjfw7whU99MijwC1M0FUY4w==",
      "engines": {
        "node": ">=10"
      },
      "funding": {
        "url": "https://github.com/sponsors/sindresorhus"
      }
    }
  }
}
